
Microsoft Visual Studio Solution File, Format Version 12.00
# Visual Studio 2012
Project("{FAE04EC0-301F-11D3-BF4B-00C04F79EFBC}") = "WindowsFormsApplication1", "WindowsFormsApplication1\WindowsFormsApplication1.csproj", "{C2410DB3-E16B-41A6-BE57-951F714F0E0E}"
EndProject
Global
	GlobalSection(SolutionConfigurationPlatforms) = preSolution
		Debug|Any CPU = Debug|Any CPU
		Release|Any CPU = Release|Any CPU
	EndGlobalSection
	GlobalSection(ProjectConfigurationPlatforms) = postSolution
		{C2410DB3-E16B-41A6-BE57-951F714F0E0E}.Debug|Any CPU.ActiveCfg = Debug|Any CPU
		{C2410DB3-E16B-41A6-BE57-951F714F0E0E}.Debug|Any CPU.Build.0 = Debug|Any CPU
		{C2410DB3-E16B-41A6-BE57-951F714F0E0E}.Release|Any CPU.ActiveCfg = Release|Any CPU
		{C2410DB3-E16B-41A6-BE57-951F714F0E0E}.Release|Any CPU.Build.0 = Release|Any CPU
	EndGlobalSection
	GlobalSection(SolutionProperties) = preSolution
		HideSolutionNode = FALSE
	EndGlobalSection
EndGlobal
